
Microsoft Visual Studio Solution File, Format Version 12.00
# Visual Studio Version 16
VisualStudioVersion = 16.0.29519.181
MinimumVisualStudioVersion = 10.0.40219.1
Project("{FAE04EC0-301F-11D3-BF4B-00C04F79EFBC}") = "WinSounds", "WinSounds.csproj", "{1CB9AF6D-2E9D-4F07-8172-EAEA44DFFEC3}"
EndProject
Global
	GlobalSection(SolutionConfigurationPlatforms) = preSolution
		Debug|Any CPU = Debug|Any CPU
		Release|Any CPU = Release|Any CPU
	EndGlobalSection
	GlobalSection(ProjectConfigurationPlatforms) = postSolution
		{1CB9AF6D-2E9D-4F07-8172-EAEA44DFFEC3}.Debug|Any CPU.ActiveCfg = Debug|Any CPU
		{1CB9AF6D-2E9D-4F07-8172-EAEA44DFFEC3}.Debug|Any CPU.Build.0 = Debug|Any CPU
		{1CB9AF6D-2E9D-4F07-8172-EAEA44DFFEC3}.Release|Any CPU.ActiveCfg = Release|Any CPU
		{1CB9AF6D-2E9D-4F07-8172-EAEA44DFFEC3}.Release|Any CPU.Build.0 = Release|Any CPU
	EndGlobalSection
	GlobalSection(SolutionProperties) = preSolution
		HideSolutionNode = FALSE
	EndGlobalSection
	GlobalSection(ExtensibilityGlobals) = postSolution
		SolutionGuid = {95410110-AF10-4562-A0C0-07DBE75FFC6D}
	EndGlobalSection
EndGlobal
